
Microsoft Visual Studio Solution File, Format Version 12.00
# Visual Studio Version 17
VisualStudioVersion = 17.3.32819.101
MinimumVisualStudioVersion = 10.0.40219.1
Project("{FAE04EC0-301F-11D3-BF4B-00C04F79EFBC}") = "MoodAnalyser", "MoodAnalyser.csproj", "{D35DC884-59D8-43BF-A5E6-66E03C76FBB8}"
EndProject
Global
	GlobalSection(SolutionConfigurationPlatforms) = preSolution
		Debug|Any CPU = Debug|Any CPU
		Release|Any CPU = Release|Any CPU
	EndGlobalSection
	GlobalSection(ProjectConfigurationPlatforms) = postSolution
		{D35DC884-59D8-43BF-A5E6-66E03C76FBB8}.Debug|Any CPU.ActiveCfg = Debug|Any CPU
		{D35DC884-59D8-43BF-A5E6-66E03C76FBB8}.Debug|Any CPU.Build.0 = Debug|Any CPU
		{D35DC884-59D8-43BF-A5E6-66E03C76FBB8}.Release|Any CPU.ActiveCfg = Release|Any CPU
		{D35DC884-59D8-43BF-A5E6-66E03C76FBB8}.Release|Any CPU.Build.0 = Release|Any CPU
	EndGlobalSection
	GlobalSection(SolutionProperties) = preSolution
		HideSolutionNode = FALSE
	EndGlobalSection
	GlobalSection(ExtensibilityGlobals) = postSolution
		SolutionGuid = {D93BFF9E-5CBF-4576-AA54-2F294A7721E2}
	EndGlobalSection
EndGlobal
